
Microsoft Visual Studio Solution File, Format Version 12.00
# Visual Studio Version 17
VisualStudioVersion = 17.4.33205.214
MinimumVisualStudioVersion = 10.0.40219.1
Project("{9A19103F-16F7-4668-BE54-9A1E7A4F7556}") = "DemoCorsoCSharp", "DemoCorsoCSharp.csproj", "{3F88D743-BD43-4687-968E-C9FFF5826453}"
EndProject
Project("{FAE04EC0-301F-11D3-BF4B-00C04F79EFBC}") = "MiaLibreria", "..\MiaLibreria\MiaLibreria.csproj", "{856FCD60-BBDB-44E3-A7D6-D6512E44F0EF}"
EndProject
Global
	GlobalSection(SolutionConfigurationPlatforms) = preSolution
		Debug|Any CPU = Debug|Any CPU
		Release|Any CPU = Release|Any CPU
	EndGlobalSection
	GlobalSection(ProjectConfigurationPlatforms) = postSolution
		{3F88D743-BD43-4687-968E-C9FFF5826453}.Debug|Any CPU.ActiveCfg = Debug|Any CPU
		{3F88D743-BD43-4687-968E-C9FFF5826453}.Debug|Any CPU.Build.0 = Debug|Any CPU
		{3F88D743-BD43-4687-968E-C9FFF5826453}.Release|Any CPU.ActiveCfg = Release|Any CPU
		{3F88D743-BD43-4687-968E-C9FFF5826453}.Release|Any CPU.Build.0 = Release|Any CPU
		{856FCD60-BBDB-44E3-A7D6-D6512E44F0EF}.Debug|Any CPU.ActiveCfg = Debug|Any CPU
		{856FCD60-BBDB-44E3-A7D6-D6512E44F0EF}.Debug|Any CPU.Build.0 = Debug|Any CPU
		{856FCD60-BBDB-44E3-A7D6-D6512E44F0EF}.Release|Any CPU.ActiveCfg = Release|Any CPU
		{856FCD60-BBDB-44E3-A7D6-D6512E44F0EF}.Release|Any CPU.Build.0 = Release|Any CPU
	EndGlobalSection
	GlobalSection(SolutionProperties) = preSolution
		HideSolutionNode = FALSE
	EndGlobalSection
	GlobalSection(ExtensibilityGlobals) = postSolution
		SolutionGuid = {7492059E-2D71-4F73-AB84-1FC4A6F7224E}
	EndGlobalSection
EndGlobal
